
Microsoft Visual Studio Solution File, Format Version 12.00
# Visual Studio 15
VisualStudioVersion = 15.0.27703.2026
MinimumVisualStudioVersion = 10.0.40219.1
Project("{2150E333-8FDC-42A3-9474-1A3956D46DE8}") = "TapeEquilibrium", "TapeEquilibrium", "{C606B327-FF57-4FF6-8A22-60448503A458}"
EndProject
Project("{FAE04EC0-301F-11D3-BF4B-00C04F79EFBC}") = "Solution", "Solution\Solution.csproj", "{63ABAA10-EA9B-41CC-AA2F-B72D2B90B93C}"
EndProject
Project("{FAE04EC0-301F-11D3-BF4B-00C04F79EFBC}") = "Tests", "Tests\Tests.csproj", "{25BD1DAF-E6DE-40DF-AF82-60CE391C8AB3}"
EndProject
Global
	GlobalSection(SolutionConfigurationPlatforms) = preSolution
		Debug|Any CPU = Debug|Any CPU
		Release|Any CPU = Release|Any CPU
	EndGlobalSection
	GlobalSection(ProjectConfigurationPlatforms) = postSolution
		{63ABAA10-EA9B-41CC-AA2F-B72D2B90B93C}.Debug|Any CPU.ActiveCfg = Debug|Any CPU
		{63ABAA10-EA9B-41CC-AA2F-B72D2B90B93C}.Debug|Any CPU.Build.0 = Debug|Any CPU
		{63ABAA10-EA9B-41CC-AA2F-B72D2B90B93C}.Release|Any CPU.ActiveCfg = Release|Any CPU
		{63ABAA10-EA9B-41CC-AA2F-B72D2B90B93C}.Release|Any CPU.Build.0 = Release|Any CPU
		{25BD1DAF-E6DE-40DF-AF82-60CE391C8AB3}.Debug|Any CPU.ActiveCfg = Debug|Any CPU
		{25BD1DAF-E6DE-40DF-AF82-60CE391C8AB3}.Debug|Any CPU.Build.0 = Debug|Any CPU
		{25BD1DAF-E6DE-40DF-AF82-60CE391C8AB3}.Release|Any CPU.ActiveCfg = Release|Any CPU
		{25BD1DAF-E6DE-40DF-AF82-60CE391C8AB3}.Release|Any CPU.Build.0 = Release|Any CPU
	EndGlobalSection
	GlobalSection(SolutionProperties) = preSolution
		HideSolutionNode = FALSE
	EndGlobalSection
	GlobalSection(NestedProjects) = preSolution
		{63ABAA10-EA9B-41CC-AA2F-B72D2B90B93C} = {C606B327-FF57-4FF6-8A22-60448503A458}
		{25BD1DAF-E6DE-40DF-AF82-60CE391C8AB3} = {C606B327-FF57-4FF6-8A22-60448503A458}
	EndGlobalSection
	GlobalSection(ExtensibilityGlobals) = postSolution
		SolutionGuid = {49BC421C-E864-4056-8863-FD4C2FB80AAD}
	EndGlobalSection
EndGlobal
